
Microsoft Visual Studio Solution File, Format Version 12.00
# Visual Studio 15
VisualStudioVersion = 15.0.28307.852
MinimumVisualStudioVersion = 10.0.40219.1
Project("{FAE04EC0-301F-11D3-BF4B-00C04F79EFBC}") = "ProjetoMobile.Android", "ProjetoMobile\ProjetoMobile.Android\ProjetoMobile.Android.csproj", "{224EF4DF-F1E7-4037-9C37-55C396E746D7}"
EndProject
Project("{FAE04EC0-301F-11D3-BF4B-00C04F79EFBC}") = "ProjetoMobile.iOS", "ProjetoMobile\ProjetoMobile.iOS\ProjetoMobile.iOS.csproj", "{9AB0AED0-B315-4600-AAE6-1DDA1C8DAB62}"
EndProject
Project("{FAE04EC0-301F-11D3-BF4B-00C04F79EFBC}") = "ProjetoMobile.UWP", "ProjetoMobile\ProjetoMobile.UWP\ProjetoMobile.UWP.csproj", "{8E1502CF-69E4-4E65-A44E-BE9E107E3F40}"
EndProject
Project("{FAE04EC0-301F-11D3-BF4B-00C04F79EFBC}") = "ProjetoMobile", "ProjetoMobile\ProjetoMobile\ProjetoMobile.csproj", "{8DDDA0DE-3639-49B6-9AD8-745CDA2B62CC}"
EndProject
Global
	GlobalSection(SolutionConfigurationPlatforms) = preSolution
		Ad-Hoc|Any CPU = Ad-Hoc|Any CPU
		Ad-Hoc|ARM = Ad-Hoc|ARM
		Ad-Hoc|iPhone = Ad-Hoc|iPhone
		Ad-Hoc|iPhoneSimulator = Ad-Hoc|iPhoneSimulator
		Ad-Hoc|x64 = Ad-Hoc|x64
		Ad-Hoc|x86 = Ad-Hoc|x86
		AppStore|Any CPU = AppStore|Any CPU
		AppStore|ARM = AppStore|ARM
		AppStore|iPhone = AppStore|iPhone
		AppStore|iPhoneSimulator = AppStore|iPhoneSimulator
		AppStore|x64 = AppStore|x64
		AppStore|x86 = AppStore|x86
		Debug|Any CPU = Debug|Any CPU
		Debug|ARM = Debug|ARM
		Debug|iPhone = Debug|iPhone
		Debug|iPhoneSimulator = Debug|iPhoneSimulator
		Debug|x64 = Debug|x64
		Debug|x86 = Debug|x86
		Release|Any CPU = Release|Any CPU
		Release|ARM = Release|ARM
		Release|iPhone = Release|iPhone
		Release|iPhoneSimulator = Release|iPhoneSimulator
		Release|x64 = Release|x64
		Release|x86 = Release|x86
	EndGlobalSection
	GlobalSection(ProjectConfigurationPlatforms) = postSolution
		{224EF4DF-F1E7-4037-9C37-55C396E746D7}.Ad-Hoc|Any CPU.ActiveCfg = Release|Any CPU
		{224EF4DF-F1E7-4037-9C37-55C396E746D7}.Ad-Hoc|Any CPU.Build.0 = Release|Any CPU
		{224EF4DF-F1E7-4037-9C37-55C396E746D7}.Ad-Hoc|Any CPU.Deploy.0 = Release|Any CPU
		{224EF4DF-F1E7-4037-9C37-55C396E746D7}.Ad-Hoc|ARM.ActiveCfg = Release|Any CPU
		{224EF4DF-F1E7-4037-9C37-55C396E746D7}.Ad-Hoc|ARM.Build.0 = Release|Any CPU
		{224EF4DF-F1E7-4037-9C37-55C396E746D7}.Ad-Hoc|ARM.Deploy.0 = Release|Any CPU
		{224EF4DF-F1E7-4037-9C37-55C396E746D7}.Ad-Hoc|iPhone.ActiveCfg = Release|Any CPU
		{224EF4DF-F1E7-4037-9C37-55C396E746D7}.Ad-Hoc|iPhone.Build.0 = Release|Any CPU
		{224EF4DF-F1E7-4037-9C37-55C396E746D7}.Ad-Hoc|iPhone.Deploy.0 = Release|Any CPU
		{224EF4DF-F1E7-4037-9C37-55C396E746D7}.Ad-Hoc|iPhoneSimulator.ActiveCfg = Release|Any CPU
		{224EF4DF-F1E7-4037-9C37-55C396E746D7}.Ad-Hoc|iPhoneSimulator.Build.0 = Release|Any CPU
		{224EF4DF-F1E7-4037-9C37-55C396E746D7}.Ad-Hoc|iPhoneSimulator.Deploy.0 = Release|Any CPU
		{224EF4DF-F1E7-4037-9C37-55C396E746D7}.Ad-Hoc|x64.ActiveCfg = Release|Any CPU
		{224EF4DF-F1E7-4037-9C37-55C396E746D7}.Ad-Hoc|x64.Build.0 = Release|Any CPU
		{224EF4DF-F1E7-4037-9C37-55C396E746D7}.Ad-Hoc|x64.Deploy.0 = Release|Any CPU
		{224EF4DF-F1E7-4037-9C37-55C396E746D7}.Ad-Hoc|x86.ActiveCfg = Release|Any CPU
		{224EF4DF-F1E7-4037-9C37-55C396E746D7}.Ad-Hoc|x86.Build.0 = Release|Any CPU
		{224EF4DF-F1E7-4037-9C37-55C396E746D7}.Ad-Hoc|x86.Deploy.0 = Release|Any CPU
		{224EF4DF-F1E7-4037-9C37-55C396E746D7}.AppStore|Any CPU.ActiveCfg = Release|Any CPU
		{224EF4DF-F1E7-4037-9C37-55C396E746D7}.AppStore|Any CPU.Build.0 = Release|Any CPU
		{224EF4DF-F1E7-4037-9C37-55C396E746D7}.AppStore|Any CPU.Deploy.0 = Release|Any CPU
		{224EF4DF-F1E7-4037-9C37-55C396E746D7}.AppStore|ARM.ActiveCfg = Release|Any CPU
		{224EF4DF-F1E7-4037-9C37-55C396E746D7}.AppStore|ARM.Build.0 = Release|Any CPU
		{224EF4DF-F1E7-4037-9C37-55C396E746D7}.AppStore|ARM.Deploy.0 = Release|Any CPU
		{224EF4DF-F1E7-4037-9C37-55C396E746D7}.AppStore|iPhone.ActiveCfg = Release|Any CPU
		{224EF4DF-F1E7-4037-9C37-55C396E746D7}.AppStore|iPhone.Build.0 = Release|Any CPU
		{224EF4DF-F1E7-4037-9C37-55C396E746D7}.AppStore|iPhone.Deploy.0 = Release|Any CPU
		{224EF4DF-F1E7-4037-9C37-55C396E746D7}.AppStore|iPhoneSimulator.ActiveCfg = Release|Any CPU
		{224EF4DF-F1E7-4037-9C37-55C396E746D7}.AppStore|iPhoneSimulator.Build.0 = Release|Any CPU
		{224EF4DF-F1E7-4037-9C37-55C396E746D7}.AppStore|iPhoneSimulator.Deploy.0 = Release|Any CPU
		{224EF4DF-F1E7-4037-9C37-55C396E746D7}.AppStore|x64.ActiveCfg = Release|Any CPU
		{224EF4DF-F1E7-4037-9C37-55C396E746D7}.AppStore|x64.Build.0 = Release|Any CPU
		{224EF4DF-F1E7-4037-9C37-55C396E746D7}.AppStore|x64.Deploy.0 = Release|Any CPU
		{224EF4DF-F1E7-4037-9C37-55C396E746D7}.AppStore|x86.ActiveCfg = Release|Any CPU
		{224EF4DF-F1E7-4037-9C37-55C396E746D7}.AppStore|x86.Build.0 = Release|Any CPU
		{224EF4DF-F1E7-4037-9C37-55C396E746D7}.AppStore|x86.Deploy.0 = Release|Any CPU
		{224EF4DF-F1E7-4037-9C37-55C396E746D7}.Debug|Any CPU.ActiveCfg = Debug|Any CPU
		{224EF4DF-F1E7-4037-9C37-55C396E746D7}.Debug|Any CPU.Build.0 = Debug|Any CPU
		{224EF4DF-F1E7-4037-9C37-55C396E746D7}.Debug|Any CPU.Deploy.0 = Debug|Any CPU
		{224EF4DF-F1E7-4037-9C37-55C396E746D7}.Debug|ARM.ActiveCfg = Debug|Any CPU
		{224EF4DF-F1E7-4037-9C37-55C396E746D7}.Debug|ARM.Build.0 = Debug|Any CPU
		{224EF4DF-F1E7-4037-9C37-55C396E746D7}.Debug|ARM.Deploy.0 = Debug|Any CPU
		{224EF4DF-F1E7-4037-9C37-55C396E746D7}.Debug|iPhone.ActiveCfg = Debug|Any CPU
		{224EF4DF-F1E7-4037-9C37-55C396E746D7}.Debug|iPhone.Build.0 = Debug|Any CPU
		{224EF4DF-F1E7-4037-9C37-55C396E746D7}.Debug|iPhone.Deploy.0 = Debug|Any CPU
		{224EF4DF-F1E7-4037-9C37-55C396E746D7}.Debug|iPhoneSimulator.ActiveCfg = Debug|Any CPU
		{224EF4DF-F1E7-4037-9C37-55C396E746D7}.Debug|iPhoneSimulator.Build.0 = Debug|Any CPU
		{224EF4DF-F1E7-4037-9C37-55C396E746D7}.Debug|iPhoneSimulator.Deploy.0 = Debug|Any CPU
		{224EF4DF-F1E7-4037-9C37-55C396E746D7}.Debug|x64.ActiveCfg = Debug|Any CPU
		{224EF4DF-F1E7-4037-9C37-55C396E746D7}.Debug|x64.Build.0 = Debug|Any CPU
		{224EF4DF-F1E7-4037-9C37-55C396E746D7}.Debug|x64.Deploy.0 = Debug|Any CPU
		{224EF4DF-F1E7-4037-9C37-55C396E746D7}.Debug|x86.ActiveCfg = Debug|Any CPU
		{224EF4DF-F1E7-4037-9C37-55C396E746D7}.Debug|x86.Build.0 = Debug|Any CPU
		{224EF4DF-F1E7-4037-9C37-55C396E746D7}.Debug|x86.Deploy.0 = Debug|Any CPU
		{224EF4DF-F1E7-4037-9C37-55C396E746D7}.Release|Any CPU.ActiveCfg = Release|Any CPU
		{224EF4DF-F1E7-4037-9C37-55C396E746D7}.Release|Any CPU.Build.0 = Release|Any CPU
		{224EF4DF-F1E7-4037-9C37-55C396E746D7}.Release|Any CPU.Deploy.0 = Release|Any CPU
		{224EF4DF-F1E7-4037-9C37-55C396E746D7}.Release|ARM.ActiveCfg = Release|Any CPU
		{224EF4DF-F1E7-4037-9C37-55C396E746D7}.Release|ARM.Build.0 = Release|Any CPU
		{224EF4DF-F1E7-4037-9C37-55C396E746D7}.Release|ARM.Deploy.0 = Release|Any CPU
		{224EF4DF-F1E7-4037-9C37-55C396E746D7}.Release|iPhone.ActiveCfg = Release|Any CPU
		{224EF4DF-F1E7-4037-9C37-55C396E746D7}.Release|iPhone.Build.0 = Release|Any CPU
		{224EF4DF-F1E7-4037-9C37-55C396E746D7}.Release|iPhone.Deploy.0 = Release|Any CPU
		{224EF4DF-F1E7-4037-9C37-55C396E746D7}.Release|iPhoneSimulator.ActiveCfg = Release|Any CPU
		{224EF4DF-F1E7-4037-9C37-55C396E746D7}.Release|iPhoneSimulator.Build.0 = Release|Any CPU
		{224EF4DF-F1E7-4037-9C37-55C396E746D7}.Release|iPhoneSimulator.Deploy.0 = Release|Any CPU
		{224EF4DF-F1E7-4037-9C37-55C396E746D7}.Release|x64.ActiveCfg = Release|Any CPU
		{224EF4DF-F1E7-4037-9C37-55C396E746D7}.Release|x64.Build.0 = Release|Any CPU
		{224EF4DF-F1E7-4037-9C37-55C396E746D7}.Release|x64.Deploy.0 = Release|Any CPU
		{224EF4DF-F1E7-4037-9C37-55C396E746D7}.Release|x86.ActiveCfg = Release|Any CPU
		{224EF4DF-F1E7-4037-9C37-55C396E746D7}.Release|x86.Build.0 = Release|Any CPU
		{224EF4DF-F1E7-4037-9C37-55C396E746D7}.Release|x86.Deploy.0 = Release|Any CPU
		{9AB0AED0-B315-4600-AAE6-1DDA1C8DAB62}.Ad-Hoc|Any CPU.ActiveCfg = Ad-Hoc|iPhone
		{9AB0AED0-B315-4600-AAE6-1DDA1C8DAB62}.Ad-Hoc|Any CPU.Build.0 = Ad-Hoc|iPhone
		{9AB0AED0-B315-4600-AAE6-1DDA1C8DAB62}.Ad-Hoc|Any CPU.Deploy.0 = Ad-Hoc|iPhone
		{9AB0AED0-B315-4600-AAE6-1DDA1C8DAB62}.Ad-Hoc|ARM.ActiveCfg = Ad-Hoc|iPhone
		{9AB0AED0-B315-4600-AAE6-1DDA1C8DAB62}.Ad-Hoc|ARM.Build.0 = Ad-Hoc|iPhone
		{9AB0AED0-B315-4600-AAE6-1DDA1C8DAB62}.Ad-Hoc|ARM.Deploy.0 = Ad-Hoc|iPhone
		{9AB0AED0-B315-4600-AAE6-1DDA1C8DAB62}.Ad-Hoc|iPhone.ActiveCfg = Ad-Hoc|iPhone
		{9AB0AED0-B315-4600-AAE6-1DDA1C8DAB62}.Ad-Hoc|iPhone.Build.0 = Ad-Hoc|iPhone
		{9AB0AED0-B315-4600-AAE6-1DDA1C8DAB62}.Ad-Hoc|iPhone.Deploy.0 = Ad-Hoc|iPhone
		{9AB0AED0-B315-4600-AAE6-1DDA1C8DAB62}.Ad-Hoc|iPhoneSimulator.ActiveCfg = Ad-Hoc|iPhoneSimulator
		{9AB0AED0-B315-4600-AAE6-1DDA1C8DAB62}.Ad-Hoc|iPhoneSimulator.Build.0 = Ad-Hoc|iPhoneSimulator
		{9AB0AED0-B315-4600-AAE6-1DDA1C8DAB62}.Ad-Hoc|iPhoneSimulator.Deploy.0 = Ad-Hoc|iPhoneSimulator
		{9AB0AED0-B315-4600-AAE6-1DDA1C8DAB62}.Ad-Hoc|x64.ActiveCfg = Ad-Hoc|iPhone
		{9AB0AED0-B315-4600-AAE6-1DDA1C8DAB62}.Ad-Hoc|x64.Build.0 = Ad-Hoc|iPhone
		{9AB0AED0-B315-4600-AAE6-1DDA1C8DAB62}.Ad-Hoc|x64.Deploy.0 = Ad-Hoc|iPhone
		{9AB0AED0-B315-4600-AAE6-1DDA1C8DAB62}.Ad-Hoc|x86.ActiveCfg = Ad-Hoc|iPhone
		{9AB0AED0-B315-4600-AAE6-1DDA1C8DAB62}.Ad-Hoc|x86.Build.0 = Ad-Hoc|iPhone
		{9AB0AED0-B315-4600-AAE6-1DDA1C8DAB62}.Ad-Hoc|x86.Deploy.0 = Ad-Hoc|iPhone
		{9AB0AED0-B315-4600-AAE6-1DDA1C8DAB62}.AppStore|Any CPU.ActiveCfg = AppStore|iPhone
		{9AB0AED0-B315-4600-AAE6-1DDA1C8DAB62}.AppStore|Any CPU.Build.0 = AppStore|iPhone
		{9AB0AED0-B315-4600-AAE6-1DDA1C8DAB62}.AppStore|Any CPU.Deploy.0 = AppStore|iPhone
		{9AB0AED0-B315-4600-AAE6-1DDA1C8DAB62}.AppStore|ARM.ActiveCfg = AppStore|iPhone
		{9AB0AED0-B315-4600-AAE6-1DDA1C8DAB62}.AppStore|ARM.Build.0 = AppStore|iPhone
		{9AB0AED0-B315-4600-AAE6-1DDA1C8DAB62}.AppStore|ARM.Deploy.0 = AppStore|iPhone
		{9AB0AED0-B315-4600-AAE6-1DDA1C8DAB62}.AppStore|iPhone.ActiveCfg = AppStore|iPhone
		{9AB0AED0-B315-4600-AAE6-1DDA1C8DAB62}.AppStore|iPhone.Build.0 = AppStore|iPhone
		{9AB0AED0-B315-4600-AAE6-1DDA1C8DAB62}.AppStore|iPhone.Deploy.0 = AppStore|iPhone
		{9AB0AED0-B315-4600-AAE6-1DDA1C8DAB62}.AppStore|iPhoneSimulator.ActiveCfg = AppStore|iPhoneSimulator
		{9AB0AED0-B315-4600-AAE6-1DDA1C8DAB62}.AppStore|iPhoneSimulator.Build.0 = AppStore|iPhoneSimulator
		{9AB0AED0-B315-4600-AAE6-1DDA1C8DAB62}.AppStore|iPhoneSimulator.Deploy.0 = AppStore|iPhoneSimulator
		{9AB0AED0-B315-4600-AAE6-1DDA1C8DAB62}.AppStore|x64.ActiveCfg = AppStore|iPhone
		{9AB0AED0-B315-4600-AAE6-1DDA1C8DAB62}.AppStore|x64.Build.0 = AppStore|iPhone
		{9AB0AED0-B315-4600-AAE6-1DDA1C8DAB62}.AppStore|x64.Deploy.0 = AppStore|iPhone
		{9AB0AED0-B315-4600-AAE6-1DDA1C8DAB62}.AppStore|x86.ActiveCfg = AppStore|iPhone
		{9AB0AED0-B315-4600-AAE6-1DDA1C8DAB62}.AppStore|x86.Build.0 = AppStore|iPhone
		{9AB0AED0-B315-4600-AAE6-1DDA1C8DAB62}.AppStore|x86.Deploy.0 = AppStore|iPhone
		{9AB0AED0-B315-4600-AAE6-1DDA1C8DAB62}.Debug|Any CPU.ActiveCfg = Debug|iPhoneSimulator
		{9AB0AED0-B315-4600-AAE6-1DDA1C8DAB62}.Debug|Any CPU.Build.0 = Debug|iPhoneSimulator
		{9AB0AED0-B315-4600-AAE6-1DDA1C8DAB62}.Debug|Any CPU.Deploy.0 = Debug|iPhoneSimulator
		{9AB0AED0-B315-4600-AAE6-1DDA1C8DAB62}.Debug|ARM.ActiveCfg = Debug|iPhone
		{9AB0AED0-B315-4600-AAE6-1DDA1C8DAB62}.Debug|ARM.Build.0 = Debug|iPhone
		{9AB0AED0-B315-4600-AAE6-1DDA1C8DAB62}.Debug|ARM.Deploy.0 = Debug|iPhone
		{9AB0AED0-B315-4600-AAE6-1DDA1C8DAB62}.Debug|iPhone.ActiveCfg = Debug|iPhone
		{9AB0AED0-B315-4600-AAE6-1DDA1C8DAB62}.Debug|iPhone.Build.0 = Debug|iPhone
		{9AB0AED0-B315-4600-AAE6-1DDA1C8DAB62}.Debug|iPhone.Deploy.0 = Debug|iPhone
		{9AB0AED0-B315-4600-AAE6-1DDA1C8DAB62}.Debug|iPhoneSimulator.ActiveCfg = Debug|iPhoneSimulator
		{9AB0AED0-B315-4600-AAE6-1DDA1C8DAB62}.Debug|iPhoneSimulator.Build.0 = Debug|iPhoneSimulator
		{9AB0AED0-B315-4600-AAE6-1DDA1C8DAB62}.Debug|iPhoneSimulator.Deploy.0 = Debug|iPhoneSimulator
		{9AB0AED0-B315-4600-AAE6-1DDA1C8DAB62}.Debug|x64.ActiveCfg = Debug|iPhone
		{9AB0AED0-B315-4600-AAE6-1DDA1C8DAB62}.Debug|x64.Build.0 = Debug|iPhone
		{9AB0AED0-B315-4600-AAE6-1DDA1C8DAB62}.Debug|x64.Deploy.0 = Debug|iPhone
		{9AB0AED0-B315-4600-AAE6-1DDA1C8DAB62}.Debug|x86.ActiveCfg = Debug|iPhone
		{9AB0AED0-B315-4600-AAE6-1DDA1C8DAB62}.Debug|x86.Build.0 = Debug|iPhone
		{9AB0AED0-B315-4600-AAE6-1DDA1C8DAB62}.Debug|x86.Deploy.0 = Debug|iPhone
		{9AB0AED0-B315-4600-AAE6-1DDA1C8DAB62}.Release|Any CPU.ActiveCfg = Release|iPhone
		{9AB0AED0-B315-4600-AAE6-1DDA1C8DAB62}.Release|Any CPU.Build.0 = Release|iPhone
		{9AB0AED0-B315-4600-AAE6-1DDA1C8DAB62}.Release|Any CPU.Deploy.0 = Release|iPhone
		{9AB0AED0-B315-4600-AAE6-1DDA1C8DAB62}.Release|ARM.ActiveCfg = Release|iPhone
		{9AB0AED0-B315-4600-AAE6-1DDA1C8DAB62}.Release|ARM.Build.0 = Release|iPhone
		{9AB0AED0-B315-4600-AAE6-1DDA1C8DAB62}.Release|ARM.Deploy.0 = Release|iPhone
		{9AB0AED0-B315-4600-AAE6-1DDA1C8DAB62}.Release|iPhone.ActiveCfg = Release|iPhone
		{9AB0AED0-B315-4600-AAE6-1DDA1C8DAB62}.Release|iPhone.Build.0 = Release|iPhone
		{9AB0AED0-B315-4600-AAE6-1DDA1C8DAB62}.Release|iPhone.Deploy.0 = Release|iPhone
		{9AB0AED0-B315-4600-AAE6-1DDA1C8DAB62}.Release|iPhoneSimulator.ActiveCfg = Release|iPhoneSimulator
		{9AB0AED0-B315-4600-AAE6-1DDA1C8DAB62}.Release|iPhoneSimulator.Build.0 = Release|iPhoneSimulator
		{9AB0AED0-B315-4600-AAE6-1DDA1C8DAB62}.Release|iPhoneSimulator.Deploy.0 = Release|iPhoneSimulator
		{9AB0AED0-B315-4600-AAE6-1DDA1C8DAB62}.Release|x64.ActiveCfg = Release|iPhone
		{9AB0AED0-B315-4600-AAE6-1DDA1C8DAB62}.Release|x64.Build.0 = Release|iPhone
		{9AB0AED0-B315-4600-AAE6-1DDA1C8DAB62}.Release|x64.Deploy.0 = Release|iPhone
		{9AB0AED0-B315-4600-AAE6-1DDA1C8DAB62}.Release|x86.ActiveCfg = Release|iPhone
		{9AB0AED0-B315-4600-AAE6-1DDA1C8DAB62}.Release|x86.Build.0 = Release|iPhone
		{9AB0AED0-B315-4600-AAE6-1DDA1C8DAB62}.Release|x86.Deploy.0 = Release|iPhone
		{8E1502CF-69E4-4E65-A44E-BE9E107E3F40}.Ad-Hoc|Any CPU.ActiveCfg = Release|x86
		{8E1502CF-69E4-4E65-A44E-BE9E107E3F40}.Ad-Hoc|Any CPU.Build.0 = Release|x86
		{8E1502CF-69E4-4E65-A44E-BE9E107E3F40}.Ad-Hoc|Any CPU.Deploy.0 = Release|x86
		{8E1502CF-69E4-4E65-A44E-BE9E107E3F40}.Ad-Hoc|ARM.ActiveCfg = Release|ARM
		{8E1502CF-69E4-4E65-A44E-BE9E107E3F40}.Ad-Hoc|ARM.Build.0 = Release|ARM
		{8E1502CF-69E4-4E65-A44E-BE9E107E3F40}.Ad-Hoc|ARM.Deploy.0 = Release|ARM
		{8E1502CF-69E4-4E65-A44E-BE9E107E3F40}.Ad-Hoc|iPhone.ActiveCfg = Release|x86
		{8E1502CF-69E4-4E65-A44E-BE9E107E3F40}.Ad-Hoc|iPhone.Build.0 = Release|x86
		{8E1502CF-69E4-4E65-A44E-BE9E107E3F40}.Ad-Hoc|iPhone.Deploy.0 = Release|x86
		{8E1502CF-69E4-4E65-A44E-BE9E107E3F40}.Ad-Hoc|iPhoneSimulator.ActiveCfg = Release|x86
		{8E1502CF-69E4-4E65-A44E-BE9E107E3F40}.Ad-Hoc|iPhoneSimulator.Build.0 = Release|x86
		{8E1502CF-69E4-4E65-A44E-BE9E107E3F40}.Ad-Hoc|iPhoneSimulator.Deploy.0 = Release|x86
		{8E1502CF-69E4-4E65-A44E-BE9E107E3F40}.Ad-Hoc|x64.ActiveCfg = Release|x64
		{8E1502CF-69E4-4E65-A44E-BE9E107E3F40}.Ad-Hoc|x64.Build.0 = Release|x64
		{8E1502CF-69E4-4E65-A44E-BE9E107E3F40}.Ad-Hoc|x64.Deploy.0 = Release|x64
		{8E1502CF-69E4-4E65-A44E-BE9E107E3F40}.Ad-Hoc|x86.ActiveCfg = Release|x86
		{8E1502CF-69E4-4E65-A44E-BE9E107E3F40}.Ad-Hoc|x86.Build.0 = Release|x86
		{8E1502CF-69E4-4E65-A44E-BE9E107E3F40}.Ad-Hoc|x86.Deploy.0 = Release|x86
		{8E1502CF-69E4-4E65-A44E-BE9E107E3F40}.AppStore|Any CPU.ActiveCfg = Release|x86
		{8E1502CF-69E4-4E65-A44E-BE9E107E3F40}.AppStore|Any CPU.Build.0 = Release|x86
		{8E1502CF-69E4-4E65-A44E-BE9E107E3F40}.AppStore|Any CPU.Deploy.0 = Release|x86
		{8E1502CF-69E4-4E65-A44E-BE9E107E3F40}.AppStore|ARM.ActiveCfg = Release|ARM
		{8E1502CF-69E4-4E65-A44E-BE9E107E3F40}.AppStore|ARM.Build.0 = Release|ARM
		{8E1502CF-69E4-4E65-A44E-BE9E107E3F40}.AppStore|ARM.Deploy.0 = Release|ARM
		{8E1502CF-69E4-4E65-A44E-BE9E107E3F40}.AppStore|iPhone.ActiveCfg = Release|x86
		{8E1502CF-69E4-4E65-A44E-BE9E107E3F40}.AppStore|iPhone.Build.0 = Release|x86
		{8E1502CF-69E4-4E65-A44E-BE9E107E3F40}.AppStore|iPhone.Deploy.0 = Release|x86
		{8E1502CF-69E4-4E65-A44E-BE9E107E3F40}.AppStore|iPhoneSimulator.ActiveCfg = Release|x86
		{8E1502CF-69E4-4E65-A44E-BE9E107E3F40}.AppStore|iPhoneSimulator.Build.0 = Release|x86
		{8E1502CF-69E4-4E65-A44E-BE9E107E3F40}.AppStore|iPhoneSimulator.Deploy.0 = Release|x86
		{8E1502CF-69E4-4E65-A44E-BE9E107E3F40}.AppStore|x64.ActiveCfg = Release|x64
		{8E1502CF-69E4-4E65-A44E-BE9E107E3F40}.AppStore|x64.Build.0 = Release|x64
		{8E1502CF-69E4-4E65-A44E-BE9E107E3F40}.AppStore|x64.Deploy.0 = Release|x64
		{8E1502CF-69E4-4E65-A44E-BE9E107E3F40}.AppStore|x86.ActiveCfg = Release|x86
		{8E1502CF-69E4-4E65-A44E-BE9E107E3F40}.AppStore|x86.Build.0 = Release|x86
		{8E1502CF-69E4-4E65-A44E-BE9E107E3F40}.AppStore|x86.Deploy.0 = Release|x86
		{8E1502CF-69E4-4E65-A44E-BE9E107E3F40}.Debug|Any CPU.ActiveCfg = Debug|x86
		{8E1502CF-69E4-4E65-A44E-BE9E107E3F40}.Debug|Any CPU.Build.0 = Debug|x86
		{8E1502CF-69E4-4E65-A44E-BE9E107E3F40}.Debug|Any CPU.Deploy.0 = Debug|x86
		{8E1502CF-69E4-4E65-A44E-BE9E107E3F40}.Debug|ARM.ActiveCfg = Debug|ARM
		{8E1502CF-69E4-4E65-A44E-BE9E107E3F40}.Debug|ARM.Build.0 = Debug|ARM
		{8E1502CF-69E4-4E65-A44E-BE9E107E3F40}.Debug|ARM.Deploy.0 = Debug|ARM
		{8E1502CF-69E4-4E65-A44E-BE9E107E3F40}.Debug|iPhone.ActiveCfg = Debug|x86
		{8E1502CF-69E4-4E65-A44E-BE9E107E3F40}.Debug|iPhone.Build.0 = Debug|x86
		{8E1502CF-69E4-4E65-A44E-BE9E107E3F40}.Debug|iPhone.Deploy.0 = Debug|x86
		{8E1502CF-69E4-4E65-A44E-BE9E107E3F40}.Debug|iPhoneSimulator.ActiveCfg = Debug|x86
		{8E1502CF-69E4-4E65-A44E-BE9E107E3F40}.Debug|iPhoneSimulator.Build.0 = Debug|x86
		{8E1502CF-69E4-4E65-A44E-BE9E107E3F40}.Debug|iPhoneSimulator.Deploy.0 = Debug|x86
		{8E1502CF-69E4-4E65-A44E-BE9E107E3F40}.Debug|x64.ActiveCfg = Debug|x64
		{8E1502CF-69E4-4E65-A44E-BE9E107E3F40}.Debug|x64.Build.0 = Debug|x64
		{8E1502CF-69E4-4E65-A44E-BE9E107E3F40}.Debug|x64.Deploy.0 = Debug|x64
		{8E1502CF-69E4-4E65-A44E-BE9E107E3F40}.Debug|x86.ActiveCfg = Debug|x86
		{8E1502CF-69E4-4E65-A44E-BE9E107E3F40}.Debug|x86.Build.0 = Debug|x86
		{8E1502CF-69E4-4E65-A44E-BE9E107E3F40}.Debug|x86.Deploy.0 = Debug|x86
		{8E1502CF-69E4-4E65-A44E-BE9E107E3F40}.Release|Any CPU.ActiveCfg = Release|x86
		{8E1502CF-69E4-4E65-A44E-BE9E107E3F40}.Release|Any CPU.Build.0 = Release|x86
		{8E1502CF-69E4-4E65-A44E-BE9E107E3F40}.Release|Any CPU.Deploy.0 = Release|x86
		{8E1502CF-69E4-4E65-A44E-BE9E107E3F40}.Release|ARM.ActiveCfg = Release|ARM
		{8E1502CF-69E4-4E65-A44E-BE9E107E3F40}.Release|ARM.Build.0 = Release|ARM
		{8E1502CF-69E4-4E65-A44E-BE9E107E3F40}.Release|ARM.Deploy.0 = Release|ARM
		{8E1502CF-69E4-4E65-A44E-BE9E107E3F40}.Release|iPhone.ActiveCfg = Release|x86
		{8E1502CF-69E4-4E65-A44E-BE9E107E3F40}.Release|iPhone.Build.0 = Release|x86
		{8E1502CF-69E4-4E65-A44E-BE9E107E3F40}.Release|iPhone.Deploy.0 = Release|x86
		{8E1502CF-69E4-4E65-A44E-BE9E107E3F40}.Release|iPhoneSimulator.ActiveCfg = Release|x86
		{8E1502CF-69E4-4E65-A44E-BE9E107E3F40}.Release|iPhoneSimulator.Build.0 = Release|x86
		{8E1502CF-69E4-4E65-A44E-BE9E107E3F40}.Release|iPhoneSimulator.Deploy.0 = Release|x86
		{8E1502CF-69E4-4E65-A44E-BE9E107E3F40}.Release|x64.ActiveCfg = Release|x64
		{8E1502CF-69E4-4E65-A44E-BE9E107E3F40}.Release|x64.Build.0 = Release|x64
		{8E1502CF-69E4-4E65-A44E-BE9E107E3F40}.Release|x64.Deploy.0 = Release|x64
		{8E1502CF-69E4-4E65-A44E-BE9E107E3F40}.Release|x86.ActiveCfg = Release|x86
		{8E1502CF-69E4-4E65-A44E-BE9E107E3F40}.Release|x86.Build.0 = Release|x86
		{8E1502CF-69E4-4E65-A44E-BE9E107E3F40}.Release|x86.Deploy.0 = Release|x86
		{8DDDA0DE-3639-49B6-9AD8-745CDA2B62CC}.Ad-Hoc|Any CPU.ActiveCfg = Debug|Any CPU
		{8DDDA0DE-3639-49B6-9AD8-745CDA2B62CC}.Ad-Hoc|Any CPU.Build.0 = Debug|Any CPU
		{8DDDA0DE-3639-49B6-9AD8-745CDA2B62CC}.Ad-Hoc|Any CPU.Deploy.0 = Debug|Any CPU
		{8DDDA0DE-3639-49B6-9AD8-745CDA2B62CC}.Ad-Hoc|ARM.ActiveCfg = Debug|Any CPU
		{8DDDA0DE-3639-49B6-9AD8-745CDA2B62CC}.Ad-Hoc|ARM.Build.0 = Debug|Any CPU
		{8DDDA0DE-3639-49B6-9AD8-745CDA2B62CC}.Ad-Hoc|ARM.Deploy.0 = Debug|Any CPU
		{8DDDA0DE-3639-49B6-9AD8-745CDA2B62CC}.Ad-Hoc|iPhone.ActiveCfg = Debug|Any CPU
		{8DDDA0DE-3639-49B6-9AD8-745CDA2B62CC}.Ad-Hoc|iPhone.Build.0 = Debug|Any CPU
		{8DDDA0DE-3639-49B6-9AD8-745CDA2B62CC}.Ad-Hoc|iPhone.Deploy.0 = Debug|Any CPU
		{8DDDA0DE-3639-49B6-9AD8-745CDA2B62CC}.Ad-Hoc|iPhoneSimulator.ActiveCfg = Debug|Any CPU
		{8DDDA0DE-3639-49B6-9AD8-745CDA2B62CC}.Ad-Hoc|iPhoneSimulator.Build.0 = Debug|Any CPU
		{8DDDA0DE-3639-49B6-9AD8-745CDA2B62CC}.Ad-Hoc|iPhoneSimulator.Deploy.0 = Debug|Any CPU
		{8DDDA0DE-3639-49B6-9AD8-745CDA2B62CC}.Ad-Hoc|x64.ActiveCfg = Debug|Any CPU
		{8DDDA0DE-3639-49B6-9AD8-745CDA2B62CC}.Ad-Hoc|x64.Build.0 = Debug|Any CPU
		{8DDDA0DE-3639-49B6-9AD8-745CDA2B62CC}.Ad-Hoc|x64.Deploy.0 = Debug|Any CPU
		{8DDDA0DE-3639-49B6-9AD8-745CDA2B62CC}.Ad-Hoc|x86.ActiveCfg = Debug|Any CPU
		{8DDDA0DE-3639-49B6-9AD8-745CDA2B62CC}.Ad-Hoc|x86.Build.0 = Debug|Any CPU
		{8DDDA0DE-3639-49B6-9AD8-745CDA2B62CC}.Ad-Hoc|x86.Deploy.0 = Debug|Any CPU
		{8DDDA0DE-3639-49B6-9AD8-745CDA2B62CC}.AppStore|Any CPU.ActiveCfg = Debug|Any CPU
		{8DDDA0DE-3639-49B6-9AD8-745CDA2B62CC}.AppStore|Any CPU.Build.0 = Debug|Any CPU
		{8DDDA0DE-3639-49B6-9AD8-745CDA2B62CC}.AppStore|Any CPU.Deploy.0 = Debug|Any CPU
		{8DDDA0DE-3639-49B6-9AD8-745CDA2B62CC}.AppStore|ARM.ActiveCfg = Debug|Any CPU
		{8DDDA0DE-3639-49B6-9AD8-745CDA2B62CC}.AppStore|ARM.Build.0 = Debug|Any CPU
		{8DDDA0DE-3639-49B6-9AD8-745CDA2B62CC}.AppStore|ARM.Deploy.0 = Debug|Any CPU
		{8DDDA0DE-3639-49B6-9AD8-745CDA2B62CC}.AppStore|iPhone.ActiveCfg = Debug|Any CPU
		{8DDDA0DE-3639-49B6-9AD8-745CDA2B62CC}.AppStore|iPhone.Build.0 = Debug|Any CPU
		{8DDDA0DE-3639-49B6-9AD8-745CDA2B62CC}.AppStore|iPhone.Deploy.0 = Debug|Any CPU
		{8DDDA0DE-3639-49B6-9AD8-745CDA2B62CC}.AppStore|iPhoneSimulator.ActiveCfg = Debug|Any CPU
		{8DDDA0DE-3639-49B6-9AD8-745CDA2B62CC}.AppStore|iPhoneSimulator.Build.0 = Debug|Any CPU
		{8DDDA0DE-3639-49B6-9AD8-745CDA2B62CC}.AppStore|iPhoneSimulator.Deploy.0 = Debug|Any CPU
		{8DDDA0DE-3639-49B6-9AD8-745CDA2B62CC}.AppStore|x64.ActiveCfg = Debug|Any CPU
		{8DDDA0DE-3639-49B6-9AD8-745CDA2B62CC}.AppStore|x64.Build.0 = Debug|Any CPU
		{8DDDA0DE-3639-49B6-9AD8-745CDA2B62CC}.AppStore|x64.Deploy.0 = Debug|Any CPU
		{8DDDA0DE-3639-49B6-9AD8-745CDA2B62CC}.AppStore|x86.ActiveCfg = Debug|Any CPU
		{8DDDA0DE-3639-49B6-9AD8-745CDA2B62CC}.AppStore|x86.Build.0 = Debug|Any CPU
		{8DDDA0DE-3639-49B6-9AD8-745CDA2B62CC}.AppStore|x86.Deploy.0 = Debug|Any CPU
		{8DDDA0DE-3639-49B6-9AD8-745CDA2B62CC}.Debug|Any CPU.ActiveCfg = Debug|Any CPU
		{8DDDA0DE-3639-49B6-9AD8-745CDA2B62CC}.Debug|Any CPU.Build.0 = Debug|Any CPU
		{8DDDA0DE-3639-49B6-9AD8-745CDA2B62CC}.Debug|Any CPU.Deploy.0 = Debug|Any CPU
		{8DDDA0DE-3639-49B6-9AD8-745CDA2B62CC}.Debug|ARM.ActiveCfg = Debug|Any CPU
		{8DDDA0DE-3639-49B6-9AD8-745CDA2B62CC}.Debug|ARM.Build.0 = Debug|Any CPU
		{8DDDA0DE-3639-49B6-9AD8-745CDA2B62CC}.Debug|ARM.Deploy.0 = Debug|Any CPU
		{8DDDA0DE-3639-49B6-9AD8-745CDA2B62CC}.Debug|iPhone.ActiveCfg = Debug|Any CPU
		{8DDDA0DE-3639-49B6-9AD8-745CDA2B62CC}.Debug|iPhone.Build.0 = Debug|Any CPU
		{8DDDA0DE-3639-49B6-9AD8-745CDA2B62CC}.Debug|iPhone.Deploy.0 = Debug|Any CPU
		{8DDDA0DE-3639-49B6-9AD8-745CDA2B62CC}.Debug|iPhoneSimulator.ActiveCfg = Debug|Any CPU
		{8DDDA0DE-3639-49B6-9AD8-745CDA2B62CC}.Debug|iPhoneSimulator.Build.0 = Debug|Any CPU
		{8DDDA0DE-3639-49B6-9AD8-745CDA2B62CC}.Debug|iPhoneSimulator.Deploy.0 = Debug|Any CPU
		{8DDDA0DE-3639-49B6-9AD8-745CDA2B62CC}.Debug|x64.ActiveCfg = Debug|Any CPU
		{8DDDA0DE-3639-49B6-9AD8-745CDA2B62CC}.Debug|x64.Build.0 = Debug|Any CPU
		{8DDDA0DE-3639-49B6-9AD8-745CDA2B62CC}.Debug|x64.Deploy.0 = Debug|Any CPU
		{8DDDA0DE-3639-49B6-9AD8-745CDA2B62CC}.Debug|x86.ActiveCfg = Debug|Any CPU
		{8DDDA0DE-3639-49B6-9AD8-745CDA2B62CC}.Debug|x86.Build.0 = Debug|Any CPU
		{8DDDA0DE-3639-49B6-9AD8-745CDA2B62CC}.Debug|x86.Deploy.0 = Debug|Any CPU
		{8DDDA0DE-3639-49B6-9AD8-745CDA2B62CC}.Release|Any CPU.ActiveCfg = Release|Any CPU
		{8DDDA0DE-3639-49B6-9AD8-745CDA2B62CC}.Release|Any CPU.Build.0 = Release|Any CPU
		{8DDDA0DE-3639-49B6-9AD8-745CDA2B62CC}.Release|Any CPU.Deploy.0 = Release|Any CPU
		{8DDDA0DE-3639-49B6-9AD8-745CDA2B62CC}.Release|ARM.ActiveCfg = Release|Any CPU
		{8DDDA0DE-3639-49B6-9AD8-745CDA2B62CC}.Release|ARM.Build.0 = Release|Any CPU
		{8DDDA0DE-3639-49B6-9AD8-745CDA2B62CC}.Release|ARM.Deploy.0 = Release|Any CPU
		{8DDDA0DE-3639-49B6-9AD8-745CDA2B62CC}.Release|iPhone.ActiveCfg = Release|Any CPU
		{8DDDA0DE-3639-49B6-9AD8-745CDA2B62CC}.Release|iPhone.Build.0 = Release|Any CPU
		{8DDDA0DE-3639-49B6-9AD8-745CDA2B62CC}.Release|iPhone.Deploy.0 = Release|Any CPU
		{8DDDA0DE-3639-49B6-9AD8-745CDA2B62CC}.Release|iPhoneSimulator.ActiveCfg = Release|Any CPU
		{8DDDA0DE-3639-49B6-9AD8-745CDA2B62CC}.Release|iPhoneSimulator.Build.0 = Release|Any CPU
		{8DDDA0DE-3639-49B6-9AD8-745CDA2B62CC}.Release|iPhoneSimulator.Deploy.0 = Release|Any CPU
		{8DDDA0DE-3639-49B6-9AD8-745CDA2B62CC}.Release|x64.ActiveCfg = Release|Any CPU
		{8DDDA0DE-3639-49B6-9AD8-745CDA2B62CC}.Release|x64.Build.0 = Release|Any CPU
		{8DDDA0DE-3639-49B6-9AD8-745CDA2B62CC}.Release|x64.Deploy.0 = Release|Any CPU
		{8DDDA0DE-3639-49B6-9AD8-745CDA2B62CC}.Release|x86.ActiveCfg = Release|Any CPU
		{8DDDA0DE-3639-49B6-9AD8-745CDA2B62CC}.Release|x86.Build.0 = Release|Any CPU
		{8DDDA0DE-3639-49B6-9AD8-745CDA2B62CC}.Release|x86.Deploy.0 = Release|Any CPU
	EndGlobalSection
	GlobalSection(SolutionProperties) = preSolution
		HideSolutionNode = FALSE
	EndGlobalSection
	GlobalSection(ExtensibilityGlobals) = postSolution
		SolutionGuid = {E57FF95A-4B9C-4D80-9769-4A98ED9E0DD0}
	EndGlobalSection
EndGlobal
